
Microsoft Visual Studio Solution File, Format Version 12.00
# Visual Studio Version 16
VisualStudioVersion = 16.0.29326.143
MinimumVisualStudioVersion = 10.0.40219.1
Project("{FAE04EC0-301F-11D3-BF4B-00C04F79EFBC}") = "AppliWinForm", "AppliWinForm\AppliWinForm.csproj", "{0B6C31EB-1992-4604-9884-A21BBCE6FB09}"
EndProject
Global
	GlobalSection(SolutionConfigurationPlatforms) = preSolution
		Debug|Any CPU = Debug|Any CPU
		Release|Any CPU = Release|Any CPU
	EndGlobalSection
	GlobalSection(ProjectConfigurationPlatforms) = postSolution
		{0B6C31EB-1992-4604-9884-A21BBCE6FB09}.Debug|Any CPU.ActiveCfg = Debug|Any CPU
		{0B6C31EB-1992-4604-9884-A21BBCE6FB09}.Debug|Any CPU.Build.0 = Debug|Any CPU
		{0B6C31EB-1992-4604-9884-A21BBCE6FB09}.Release|Any CPU.ActiveCfg = Release|Any CPU
		{0B6C31EB-1992-4604-9884-A21BBCE6FB09}.Release|Any CPU.Build.0 = Release|Any CPU
	EndGlobalSection
	GlobalSection(SolutionProperties) = preSolution
		HideSolutionNode = FALSE
	EndGlobalSection
	GlobalSection(ExtensibilityGlobals) = postSolution
		SolutionGuid = {FBEB0ECD-B579-466D-BD02-02BA5340C2FB}
	EndGlobalSection
EndGlobal
